{
  "version": 4,
  "terraform_version": "0.14.10",
  "serial": 18,
  "lineage": "a6d5b20e-e033-4110-7a26-88128c2251a8",
  "outputs": {
    "private_ips": {
      "value": [
        [
          "10.0.1.54",
          "10.0.1.126",
          "10.0.1.193",
          "10.0.1.216"
        ]
      ],
      "type": [
        "tuple",
        [
          [
            "tuple",
            [
              "string",
              "string",
              "string",
              "string"
            ]
          ]
        ]
      ]
    },
    "public_ips_subnet1": {
      "value": [
        [
          "3.86.84.120",
          "34.239.130.208",
          "54.175.147.151",
          "54.172.171.231"
        ]
      ],
      "type": [
        "tuple",
        [
          [
            "tuple",
            [
              "string",
              "string",
              "string",
              "string"
            ]
          ]
        ]
      ]
    }
  },
  "resources": [
    {
      "mode": "data",
      "type": "aws_availability_zones",
      "name": "available",
      "provider": "provider[\"registry.terraform.io/hashicorp/aws\"]",
      "instances": [
        {
          "schema_version": 0,
          "attributes": {
            "all_availability_zones": null,
            "exclude_names": null,
            "exclude_zone_ids": null,
            "filter": null,
            "group_names": [
              "us-east-1"
            ],
            "id": "us-east-1",
            "names": [
              "us-east-1a",
              "us-east-1b",
              "us-east-1c",
              "us-east-1d",
              "us-east-1e",
              "us-east-1f"
            ],
            "state": "available",
            "zone_ids": [
              "use1-az2",
              "use1-az4",
              "use1-az6",
              "use1-az1",
              "use1-az3",
              "use1-az5"
            ]
          },
          "sensitive_attributes": []
        }
      ]
    },
    {
      "mode": "managed",
      "type": "aws_eip",
      "name": "eip1",
      "provider": "provider[\"registry.terraform.io/hashicorp/aws\"]",
      "instances": [
        {
          "index_key": 0,
          "schema_version": 0,
          "attributes": {
            "address": null,
            "allocation_id": null,
            "associate_with_private_ip": null,
            "association_id": "eipassoc-094f344f39d531a03",
            "carrier_ip": "",
            "customer_owned_ip": "",
            "customer_owned_ipv4_pool": "",
            "domain": "vpc",
            "id": "eipalloc-0122d662b281280af",
            "instance": "i-07c378a9c1450026e",
            "network_border_group": "us-east-1",
            "network_interface": "eni-012c05d9cf7ed61df",
            "private_dns": "ip-10-0-1-54.ec2.internal",
            "private_ip": "10.0.1.54",
            "public_dns": "ec2-3-215-146-200.compute-1.amazonaws.com",
            "public_ip": "3.215.146.200",
            "public_ipv4_pool": "amazon",
            "tags": {
              "Name": "Hangout-Project2"
            },
            "tags_all": {
              "Name": "Hangout-Project2"
            },
            "timeouts": null,
            "vpc": true
          },
          "sensitive_attributes": [],
          "private": "eyJlMmJmYjczMC1lY2FhLTExZTYtOGY4OC0zNDM2M2JjN2M0YzAiOnsiZGVsZXRlIjoxODAwMDAwMDAwMDAsInJlYWQiOjkwMDAwMDAwMDAwMCwidXBkYXRlIjozMDAwMDAwMDAwMDB9fQ==",
          "dependencies": [
            "aws_instance.ec2-k8s",
            "aws_key_pair.generated_key",
            "aws_security_group.production_private_sg",
            "aws_subnet.production-public-1",
            "aws_vpc.production",
            "data.aws_availability_zones.available",
            "tls_private_key.ec2-key"
          ]
        },
        {
          "index_key": 1,
          "schema_version": 0,
          "attributes": {
            "address": null,
            "allocation_id": null,
            "associate_with_private_ip": null,
            "association_id": "eipassoc-02aec0eb969cd70bd",
            "carrier_ip": "",
            "customer_owned_ip": "",
            "customer_owned_ipv4_pool": "",
            "domain": "vpc",
            "id": "eipalloc-063b572bc66a2220d",
            "instance": "i-0eafc53586c8e184b",
            "network_border_group": "us-east-1",
            "network_interface": "eni-038cf348238ccf3e9",
            "private_dns": "ip-10-0-1-126.ec2.internal",
            "private_ip": "10.0.1.126",
            "public_dns": "ec2-34-237-106-4.compute-1.amazonaws.com",
            "public_ip": "34.237.106.4",
            "public_ipv4_pool": "amazon",
            "tags": {
              "Name": "Hangout-Project2"
            },
            "tags_all": {
              "Name": "Hangout-Project2"
            },
            "timeouts": null,
            "vpc": true
          },
          "sensitive_attributes": [],
          "private": "eyJlMmJmYjczMC1lY2FhLTExZTYtOGY4OC0zNDM2M2JjN2M0YzAiOnsiZGVsZXRlIjoxODAwMDAwMDAwMDAsInJlYWQiOjkwMDAwMDAwMDAwMCwidXBkYXRlIjozMDAwMDAwMDAwMDB9fQ==",
          "dependencies": [
            "aws_instance.ec2-k8s",
            "aws_key_pair.generated_key",
            "aws_security_group.production_private_sg",
            "aws_subnet.production-public-1",
            "aws_vpc.production",
            "data.aws_availability_zones.available",
            "tls_private_key.ec2-key"
          ]
        },
        {
          "index_key": 2,
          "schema_version": 0,
          "attributes": {
            "address": null,
            "allocation_id": null,
            "associate_with_private_ip": null,
            "association_id": "eipassoc-052ee3c3755163705",
            "carrier_ip": "",
            "customer_owned_ip": "",
            "customer_owned_ipv4_pool": "",
            "domain": "vpc",
            "id": "eipalloc-009442f46a5219253",
            "instance": "i-03bb735ffe237d7ed",
            "network_border_group": "us-east-1",
            "network_interface": "eni-0f3a55ce92deb2541",
            "private_dns": "ip-10-0-1-193.ec2.internal",
            "private_ip": "10.0.1.193",
            "public_dns": "ec2-35-173-75-49.compute-1.amazonaws.com",
            "public_ip": "35.173.75.49",
            "public_ipv4_pool": "amazon",
            "tags": {
              "Name": "Hangout-Project2"
            },
            "tags_all": {
              "Name": "Hangout-Project2"
            },
            "timeouts": null,
            "vpc": true
          },
          "sensitive_attributes": [],
          "private": "eyJlMmJmYjczMC1lY2FhLTExZTYtOGY4OC0zNDM2M2JjN2M0YzAiOnsiZGVsZXRlIjoxODAwMDAwMDAwMDAsInJlYWQiOjkwMDAwMDAwMDAwMCwidXBkYXRlIjozMDAwMDAwMDAwMDB9fQ==",
          "dependencies": [
            "aws_instance.ec2-k8s",
            "aws_key_pair.generated_key",
            "aws_security_group.production_private_sg",
            "aws_subnet.production-public-1",
            "aws_vpc.production",
            "data.aws_availability_zones.available",
            "tls_private_key.ec2-key"
          ]
        },
        {
          "index_key": 3,
          "schema_version": 0,
          "attributes": {
            "address": null,
            "allocation_id": null,
            "associate_with_private_ip": null,
            "association_id": "eipassoc-0c794628d176f8aaa",
            "carrier_ip": "",
            "customer_owned_ip": "",
            "customer_owned_ipv4_pool": "",
            "domain": "vpc",
            "id": "eipalloc-0a4a6b38e1143056b",
            "instance": "i-08ca72ce30f4f8f8e",
            "network_border_group": "us-east-1",
            "network_interface": "eni-088d97faa27ef0f67",
            "private_dns": "ip-10-0-1-216.ec2.internal",
            "private_ip": "10.0.1.216",
            "public_dns": "ec2-3-93-103-0.compute-1.amazonaws.com",
            "public_ip": "3.93.103.0",
            "public_ipv4_pool": "amazon",
            "tags": {
              "Name": "Hangout-Project2"
            },
            "tags_all": {
              "Name": "Hangout-Project2"
            },
            "timeouts": null,
            "vpc": true
          },
          "sensitive_attributes": [],
          "private": "eyJlMmJmYjczMC1lY2FhLTExZTYtOGY4OC0zNDM2M2JjN2M0YzAiOnsiZGVsZXRlIjoxODAwMDAwMDAwMDAsInJlYWQiOjkwMDAwMDAwMDAwMCwidXBkYXRlIjozMDAwMDAwMDAwMDB9fQ==",
          "dependencies": [
            "aws_instance.ec2-k8s",
            "aws_key_pair.generated_key",
            "aws_security_group.production_private_sg",
            "aws_subnet.production-public-1",
            "aws_vpc.production",
            "data.aws_availability_zones.available",
            "tls_private_key.ec2-key"
          ]
        }
      ]
    },
    {
      "mode": "managed",
      "type": "aws_instance",
      "name": "ec2-k8s",
      "provider": "provider[\"registry.terraform.io/hashicorp/aws\"]",
      "instances": [
        {
          "index_key": 0,
          "schema_version": 1,
          "attributes": {
            "ami": "ami-09e67e426f25ce0d7",
            "arn": "arn:aws:ec2:us-east-1:275165642836:instance/i-07c378a9c1450026e",
            "associate_public_ip_address": true,
            "availability_zone": "us-east-1a",
            "capacity_reservation_specification": [
              {
                "capacity_reservation_preference": "open",
                "capacity_reservation_target": []
              }
            ],
            "cpu_core_count": 1,
            "cpu_threads_per_core": 2,
            "credit_specification": [
              {
                "cpu_credits": "unlimited"
              }
            ],
            "disable_api_termination": false,
            "ebs_block_device": [],
            "ebs_optimized": false,
            "enclave_options": [
              {
                "enabled": false
              }
            ],
            "ephemeral_block_device": [],
            "get_password_data": false,
            "hibernation": false,
            "host_id": null,
            "iam_instance_profile": "",
            "id": "i-07c378a9c1450026e",
            "instance_initiated_shutdown_behavior": "stop",
            "instance_state": "running",
            "instance_type": "t3.micro",
            "ipv6_address_count": 0,
            "ipv6_addresses": [],
            "key_name": "awskey",
            "metadata_options": [
              {
                "http_endpoint": "enabled",
                "http_put_response_hop_limit": 1,
                "http_tokens": "optional"
              }
            ],
            "monitoring": false,
            "network_interface": [],
            "outpost_arn": "",
            "password_data": "",
            "placement_group": "",
            "primary_network_interface_id": "eni-012c05d9cf7ed61df",
            "private_dns": "ip-10-0-1-54.ec2.internal",
            "private_ip": "10.0.1.54",
            "public_dns": "ec2-3-86-84-120.compute-1.amazonaws.com",
            "public_ip": "3.86.84.120",
            "root_block_device": [
              {
                "delete_on_termination": true,
                "device_name": "/dev/sda1",
                "encrypted": false,
                "iops": 100,
                "kms_key_id": "",
                "tags": {},
                "throughput": 0,
                "volume_id": "vol-0c9f5769179e7cd3b",
                "volume_size": 8,
                "volume_type": "gp2"
              }
            ],
            "secondary_private_ips": [],
            "security_groups": [],
            "source_dest_check": true,
            "subnet_id": "subnet-0ce7f75be852fb190",
            "tags": {
              "Environment": "Production",
              "Name": "jenkins 1",
              "Project1": "Hangout-Project2"
            },
            "tags_all": {
              "Environment": "Production",
              "Name": "jenkins 1",
              "Project1": "Hangout-Project2"
            },
            "tenancy": "default",
            "timeouts": null,
            "user_data": "544c2eceb742d6e41a728f553373f88e28308dd8",
            "user_data_base64": null,
            "volume_tags": null,
            "vpc_security_group_ids": [
              "sg-0b3f1687078364093"
            ]
          },
          "sensitive_attributes": [],
          "private": "eyJlMmJmYjczMC1lY2FhLTExZTYtOGY4OC0zNDM2M2JjN2M0YzAiOnsiY3JlYXRlIjo2MDAwMDAwMDAwMDAsImRlbGV0ZSI6MTIwMDAwMDAwMDAwMCwidXBkYXRlIjo2MDAwMDAwMDAwMDB9LCJzY2hlbWFfdmVyc2lvbiI6IjEifQ==",
          "dependencies": [
            "aws_key_pair.generated_key",
            "aws_security_group.production_private_sg",
            "aws_subnet.production-public-1",
            "aws_vpc.production",
            "data.aws_availability_zones.available",
            "tls_private_key.ec2-key"
          ]
        },
        {
          "index_key": 1,
          "schema_version": 1,
          "attributes": {
            "ami": "ami-09e67e426f25ce0d7",
            "arn": "arn:aws:ec2:us-east-1:275165642836:instance/i-0eafc53586c8e184b",
            "associate_public_ip_address": true,
            "availability_zone": "us-east-1a",
            "capacity_reservation_specification": [
              {
                "capacity_reservation_preference": "open",
                "capacity_reservation_target": []
              }
            ],
            "cpu_core_count": 1,
            "cpu_threads_per_core": 2,
            "credit_specification": [
              {
                "cpu_credits": "unlimited"
              }
            ],
            "disable_api_termination": false,
            "ebs_block_device": [],
            "ebs_optimized": false,
            "enclave_options": [
              {
                "enabled": false
              }
            ],
            "ephemeral_block_device": [],
            "get_password_data": false,
            "hibernation": false,
            "host_id": null,
            "iam_instance_profile": "",
            "id": "i-0eafc53586c8e184b",
            "instance_initiated_shutdown_behavior": "stop",
            "instance_state": "running",
            "instance_type": "t3.micro",
            "ipv6_address_count": 0,
            "ipv6_addresses": [],
            "key_name": "awskey",
            "metadata_options": [
              {
                "http_endpoint": "enabled",
                "http_put_response_hop_limit": 1,
                "http_tokens": "optional"
              }
            ],
            "monitoring": false,
            "network_interface": [],
            "outpost_arn": "",
            "password_data": "",
            "placement_group": "",
            "primary_network_interface_id": "eni-038cf348238ccf3e9",
            "private_dns": "ip-10-0-1-126.ec2.internal",
            "private_ip": "10.0.1.126",
            "public_dns": "ec2-34-239-130-208.compute-1.amazonaws.com",
            "public_ip": "34.239.130.208",
            "root_block_device": [
              {
                "delete_on_termination": true,
                "device_name": "/dev/sda1",
                "encrypted": false,
                "iops": 100,
                "kms_key_id": "",
                "tags": {},
                "throughput": 0,
                "volume_id": "vol-09ed1191a6f212a3c",
                "volume_size": 8,
                "volume_type": "gp2"
              }
            ],
            "secondary_private_ips": [],
            "security_groups": [],
            "source_dest_check": true,
            "subnet_id": "subnet-0ce7f75be852fb190",
            "tags": {
              "Environment": "Production",
              "Name": "jenkins 2",
              "Project1": "Hangout-Project2"
            },
            "tags_all": {
              "Environment": "Production",
              "Name": "jenkins 2",
              "Project1": "Hangout-Project2"
            },
            "tenancy": "default",
            "timeouts": null,
            "user_data": "544c2eceb742d6e41a728f553373f88e28308dd8",
            "user_data_base64": null,
            "volume_tags": null,
            "vpc_security_group_ids": [
              "sg-0b3f1687078364093"
            ]
          },
          "sensitive_attributes": [],
          "private": "eyJlMmJmYjczMC1lY2FhLTExZTYtOGY4OC0zNDM2M2JjN2M0YzAiOnsiY3JlYXRlIjo2MDAwMDAwMDAwMDAsImRlbGV0ZSI6MTIwMDAwMDAwMDAwMCwidXBkYXRlIjo2MDAwMDAwMDAwMDB9LCJzY2hlbWFfdmVyc2lvbiI6IjEifQ==",
          "dependencies": [
            "aws_key_pair.generated_key",
            "aws_security_group.production_private_sg",
            "aws_subnet.production-public-1",
            "aws_vpc.production",
            "data.aws_availability_zones.available",
            "tls_private_key.ec2-key"
          ]
        },
        {
          "index_key": 2,
          "schema_version": 1,
          "attributes": {
            "ami": "ami-09e67e426f25ce0d7",
            "arn": "arn:aws:ec2:us-east-1:275165642836:instance/i-03bb735ffe237d7ed",
            "associate_public_ip_address": true,
            "availability_zone": "us-east-1a",
            "capacity_reservation_specification": [
              {
                "capacity_reservation_preference": "open",
                "capacity_reservation_target": []
              }
            ],
            "cpu_core_count": 1,
            "cpu_threads_per_core": 2,
            "credit_specification": [
              {
                "cpu_credits": "unlimited"
              }
            ],
            "disable_api_termination": false,
            "ebs_block_device": [],
            "ebs_optimized": false,
            "enclave_options": [
              {
                "enabled": false
              }
            ],
            "ephemeral_block_device": [],
            "get_password_data": false,
            "hibernation": false,
            "host_id": null,
            "iam_instance_profile": "",
            "id": "i-03bb735ffe237d7ed",
            "instance_initiated_shutdown_behavior": "stop",
            "instance_state": "running",
            "instance_type": "t3.micro",
            "ipv6_address_count": 0,
            "ipv6_addresses": [],
            "key_name": "awskey",
            "metadata_options": [
              {
                "http_endpoint": "enabled",
                "http_put_response_hop_limit": 1,
                "http_tokens": "optional"
              }
            ],
            "monitoring": false,
            "network_interface": [],
            "outpost_arn": "",
            "password_data": "",
            "placement_group": "",
            "primary_network_interface_id": "eni-0f3a55ce92deb2541",
            "private_dns": "ip-10-0-1-193.ec2.internal",
            "private_ip": "10.0.1.193",
            "public_dns": "ec2-54-175-147-151.compute-1.amazonaws.com",
            "public_ip": "54.175.147.151",
            "root_block_device": [
              {
                "delete_on_termination": true,
                "device_name": "/dev/sda1",
                "encrypted": false,
                "iops": 100,
                "kms_key_id": "",
                "tags": {},
                "throughput": 0,
                "volume_id": "vol-0637b75fb235baa10",
                "volume_size": 8,
                "volume_type": "gp2"
              }
            ],
            "secondary_private_ips": [],
            "security_groups": [],
            "source_dest_check": true,
            "subnet_id": "subnet-0ce7f75be852fb190",
            "tags": {
              "Environment": "Production",
              "Name": "jenkins 3",
              "Project1": "Hangout-Project2"
            },
            "tags_all": {
              "Environment": "Production",
              "Name": "jenkins 3",
              "Project1": "Hangout-Project2"
            },
            "tenancy": "default",
            "timeouts": null,
            "user_data": "544c2eceb742d6e41a728f553373f88e28308dd8",
            "user_data_base64": null,
            "volume_tags": null,
            "vpc_security_group_ids": [
              "sg-0b3f1687078364093"
            ]
          },
          "sensitive_attributes": [],
          "private": "eyJlMmJmYjczMC1lY2FhLTExZTYtOGY4OC0zNDM2M2JjN2M0YzAiOnsiY3JlYXRlIjo2MDAwMDAwMDAwMDAsImRlbGV0ZSI6MTIwMDAwMDAwMDAwMCwidXBkYXRlIjo2MDAwMDAwMDAwMDB9LCJzY2hlbWFfdmVyc2lvbiI6IjEifQ==",
          "dependencies": [
            "aws_key_pair.generated_key",
            "aws_security_group.production_private_sg",
            "aws_subnet.production-public-1",
            "aws_vpc.production",
            "data.aws_availability_zones.available",
            "tls_private_key.ec2-key"
          ]
        },
        {
          "index_key": 3,
          "schema_version": 1,
          "attributes": {
            "ami": "ami-09e67e426f25ce0d7",
            "arn": "arn:aws:ec2:us-east-1:275165642836:instance/i-08ca72ce30f4f8f8e",
            "associate_public_ip_address": true,
            "availability_zone": "us-east-1a",
            "capacity_reservation_specification": [
              {
                "capacity_reservation_preference": "open",
                "capacity_reservation_target": []
              }
            ],
            "cpu_core_count": 1,
            "cpu_threads_per_core": 2,
            "credit_specification": [
              {
                "cpu_credits": "unlimited"
              }
            ],
            "disable_api_termination": false,
            "ebs_block_device": [],
            "ebs_optimized": false,
            "enclave_options": [
              {
                "enabled": false
              }
            ],
            "ephemeral_block_device": [],
            "get_password_data": false,
            "hibernation": false,
            "host_id": null,
            "iam_instance_profile": "",
            "id": "i-08ca72ce30f4f8f8e",
            "instance_initiated_shutdown_behavior": "stop",
            "instance_state": "running",
            "instance_type": "t3.micro",
            "ipv6_address_count": 0,
            "ipv6_addresses": [],
            "key_name": "awskey",
            "metadata_options": [
              {
                "http_endpoint": "enabled",
                "http_put_response_hop_limit": 1,
                "http_tokens": "optional"
              }
            ],
            "monitoring": false,
            "network_interface": [],
            "outpost_arn": "",
            "password_data": "",
            "placement_group": "",
            "primary_network_interface_id": "eni-088d97faa27ef0f67",
            "private_dns": "ip-10-0-1-216.ec2.internal",
            "private_ip": "10.0.1.216",
            "public_dns": "ec2-54-172-171-231.compute-1.amazonaws.com",
            "public_ip": "54.172.171.231",
            "root_block_device": [
              {
                "delete_on_termination": true,
                "device_name": "/dev/sda1",
                "encrypted": false,
                "iops": 100,
                "kms_key_id": "",
                "tags": {},
                "throughput": 0,
                "volume_id": "vol-0be2faf83d94db373",
                "volume_size": 8,
                "volume_type": "gp2"
              }
            ],
            "secondary_private_ips": [],
            "security_groups": [],
            "source_dest_check": true,
            "subnet_id": "subnet-0ce7f75be852fb190",
            "tags": {
              "Environment": "Production",
              "Name": "jenkins 4",
              "Project1": "Hangout-Project2"
            },
            "tags_all": {
              "Environment": "Production",
              "Name": "jenkins 4",
              "Project1": "Hangout-Project2"
            },
            "tenancy": "default",
            "timeouts": null,
            "user_data": "544c2eceb742d6e41a728f553373f88e28308dd8",
            "user_data_base64": null,
            "volume_tags": null,
            "vpc_security_group_ids": [
              "sg-0b3f1687078364093"
            ]
          },
          "sensitive_attributes": [],
          "private": "eyJlMmJmYjczMC1lY2FhLTExZTYtOGY4OC0zNDM2M2JjN2M0YzAiOnsiY3JlYXRlIjo2MDAwMDAwMDAwMDAsImRlbGV0ZSI6MTIwMDAwMDAwMDAwMCwidXBkYXRlIjo2MDAwMDAwMDAwMDB9LCJzY2hlbWFfdmVyc2lvbiI6IjEifQ==",
          "dependencies": [
            "aws_key_pair.generated_key",
            "aws_security_group.production_private_sg",
            "aws_subnet.production-public-1",
            "aws_vpc.production",
            "data.aws_availability_zones.available",
            "tls_private_key.ec2-key"
          ]
        }
      ]
    },
    {
      "mode": "managed",
      "type": "aws_internet_gateway",
      "name": "production-gw",
      "provider": "provider[\"registry.terraform.io/hashicorp/aws\"]",
      "instances": [
        {
          "schema_version": 0,
          "attributes": {
            "arn": "arn:aws:ec2:us-east-1:275165642836:internet-gateway/igw-0336a6b0eab1c131e",
            "id": "igw-0336a6b0eab1c131e",
            "owner_id": "275165642836",
            "tags": {
              "Name": "Hangout-Project2"
            },
            "tags_all": {
              "Name": "Hangout-Project2"
            },
            "vpc_id": "vpc-0afcca399059ae367"
          },
          "sensitive_attributes": [],
          "private": "bnVsbA==",
          "dependencies": [
            "aws_vpc.production"
          ]
        }
      ]
    },
    {
      "mode": "managed",
      "type": "aws_key_pair",
      "name": "generated_key",
      "provider": "provider[\"registry.terraform.io/hashicorp/aws\"]",
      "instances": [
        {
          "schema_version": 1,
          "attributes": {
            "arn": "arn:aws:ec2:us-east-1:275165642836:key-pair/awskey",
            "fingerprint": "da:0d:fc:f5:93:f8:4e:cc:68:2b:45:9c:31:97:32:db",
            "id": "awskey",
            "key_name": "awskey",
            "key_name_prefix": null,
            "key_pair_id": "key-08d240caa5ec8974b",
            "public_key": "ssh-rsa AAAAB3NzaC1yc2EAAAADAQABAAACAQC5PldZn75J98VS/Z6tixw9zleBRkpDqR19Vhv/unkVlfeMFlrVfc13jYBjVn/WyYw5JvWhnMNLLivBMz9x5kNYlFHtGoIDJa5HxN7I2z6ygnJdWhlhwPaMAy0QEdCU2xoT463lYphzf9ZgxyKexbO7EE9p1NVg1cEPbXcmvr+7zxfTGuHD7kiElakbCp/pnn+HAqmLe5L2L0JBaX2nBZguk4azJyVxhuh7sVCJ+4cTXxjOFgt7w4A/54VCJdLK6RFRws781sXW4sjfllbhJHuPZ68dr+42Fu61+cKQQtDLdIhiPiXBFWEbUrF1cYgsKbGlO1aPFd1SQieJVklM3o8zWzZaHalHAeegywfaKJ8xIrOtO9ZQl+uMkWQni0oWARR6VYDolI79GJ2z9Xv/WI2es+bTfHSNCWI5X29Xnqtqj0bKr82lTCOypY0AxM3pucObtuWdhnlH0TKDB7YkPUyA334E50XkcXjPMu3oTuSTmUy0Iwkw2FFQrziyWIOfCXwvNmzX4bJDqN7IWXc7Gp03/cGvF6heqbWU7FcHKavPEeU2k4sbhO/J0L3DyiHX1RHhKnfJXF6S8vOVimMRLS1p8OM8PykIlaRJIK3OSvNYTZLH6zkqDHxyYuF5c8wuY3v2IPWsBGroRQuWZNqtphnz9dSYp3jJSuk4xS8JzHUdwQ==",
            "tags": null,
            "tags_all": {}
          },
          "sensitive_attributes": [],
          "private": "eyJzY2hlbWFfdmVyc2lvbiI6IjEifQ==",
          "dependencies": [
            "tls_private_key.ec2-key"
          ]
        }
      ]
    },
    {
      "mode": "managed",
      "type": "aws_route_table",
      "name": "production-public",
      "provider": "provider[\"registry.terraform.io/hashicorp/aws\"]",
      "instances": [
        {
          "schema_version": 0,
          "attributes": {
            "arn": "arn:aws:ec2:us-east-1:275165642836:route-table/rtb-0738aa25d03f15836",
            "id": "rtb-0738aa25d03f15836",
            "owner_id": "275165642836",
            "propagating_vgws": [],
            "route": [
              {
                "carrier_gateway_id": "",
                "cidr_block": "0.0.0.0/0",
                "destination_prefix_list_id": "",
                "egress_only_gateway_id": "",
                "gateway_id": "igw-0336a6b0eab1c131e",
                "instance_id": "",
                "ipv6_cidr_block": "",
                "local_gateway_id": "",
                "nat_gateway_id": "",
                "network_interface_id": "",
                "transit_gateway_id": "",
                "vpc_endpoint_id": "",
                "vpc_peering_connection_id": ""
              }
            ],
            "tags": {
              "Name": "Hangout-Project2"
            },
            "tags_all": {
              "Name": "Hangout-Project2"
            },
            "vpc_id": "vpc-0afcca399059ae367"
          },
          "sensitive_attributes": [],
          "private": "bnVsbA==",
          "dependencies": [
            "aws_internet_gateway.production-gw",
            "aws_vpc.production"
          ]
        }
      ]
    },
    {
      "mode": "managed",
      "type": "aws_route_table_association",
      "name": "production-public-1-a",
      "provider": "provider[\"registry.terraform.io/hashicorp/aws\"]",
      "instances": [
        {
          "schema_version": 0,
          "attributes": {
            "gateway_id": null,
            "id": "rtbassoc-051f8798a3d830685",
            "route_table_id": "rtb-0738aa25d03f15836",
            "subnet_id": "subnet-0ce7f75be852fb190"
          },
          "sensitive_attributes": [],
          "private": "bnVsbA==",
          "dependencies": [
            "aws_internet_gateway.production-gw",
            "aws_route_table.production-public",
            "aws_subnet.production-public-1",
            "aws_vpc.production",
            "data.aws_availability_zones.available"
          ]
        }
      ]
    },
    {
      "mode": "managed",
      "type": "aws_security_group",
      "name": "production_private_sg",
      "provider": "provider[\"registry.terraform.io/hashicorp/aws\"]",
      "instances": [
        {
          "schema_version": 1,
          "attributes": {
            "arn": "arn:aws:ec2:us-east-1:275165642836:security-group/sg-0b3f1687078364093",
            "description": "Allow limited inbound external traffic",
            "egress": [
              {
                "cidr_blocks": [
                  "0.0.0.0/0"
                ],
                "description": "",
                "from_port": 0,
                "ipv6_cidr_blocks": [
                  "::/0"
                ],
                "prefix_list_ids": [],
                "protocol": "-1",
                "security_groups": [],
                "self": false,
                "to_port": 0
              }
            ],
            "id": "sg-0b3f1687078364093",
            "ingress": [
              {
                "cidr_blocks": [
                  "0.0.0.0/0"
                ],
                "description": "",
                "from_port": 0,
                "ipv6_cidr_blocks": [
                  "::/0"
                ],
                "prefix_list_ids": [],
                "protocol": "-1",
                "security_groups": [],
                "self": false,
                "to_port": 0
              },
              {
                "cidr_blocks": [
                  "0.0.0.0/0"
                ],
                "description": "",
                "from_port": 22,
                "ipv6_cidr_blocks": [
                  "::/0"
                ],
                "prefix_list_ids": [],
                "protocol": "tcp",
                "security_groups": [],
                "self": false,
                "to_port": 22
              }
            ],
            "name": "production-sg",
            "name_prefix": "",
            "owner_id": "275165642836",
            "revoke_rules_on_delete": false,
            "tags": {
              "Name": "Hangout-Project2"
            },
            "tags_all": {
              "Name": "Hangout-Project2"
            },
            "timeouts": null,
            "vpc_id": "vpc-0afcca399059ae367"
          },
          "sensitive_attributes": [],
          "private": "eyJlMmJmYjczMC1lY2FhLTExZTYtOGY4OC0zNDM2M2JjN2M0YzAiOnsiY3JlYXRlIjo2MDAwMDAwMDAwMDAsImRlbGV0ZSI6OTAwMDAwMDAwMDAwfSwic2NoZW1hX3ZlcnNpb24iOiIxIn0=",
          "dependencies": [
            "aws_vpc.production"
          ]
        }
      ]
    },
    {
      "mode": "managed",
      "type": "aws_subnet",
      "name": "production-public-1",
      "provider": "provider[\"registry.terraform.io/hashicorp/aws\"]",
      "instances": [
        {
          "schema_version": 1,
          "attributes": {
            "arn": "arn:aws:ec2:us-east-1:275165642836:subnet/subnet-0ce7f75be852fb190",
            "assign_ipv6_address_on_creation": false,
            "availability_zone": "us-east-1a",
            "availability_zone_id": "use1-az2",
            "cidr_block": "10.0.1.0/24",
            "customer_owned_ipv4_pool": "",
            "id": "subnet-0ce7f75be852fb190",
            "ipv6_cidr_block": "",
            "ipv6_cidr_block_association_id": "",
            "map_customer_owned_ip_on_launch": false,
            "map_public_ip_on_launch": true,
            "outpost_arn": "",
            "owner_id": "275165642836",
            "tags": {
              "Name": "Hangout-Project2"
            },
            "tags_all": {
              "Name": "Hangout-Project2"
            },
            "timeouts": null,
            "vpc_id": "vpc-0afcca399059ae367"
          },
          "sensitive_attributes": [],
          "private": "eyJlMmJmYjczMC1lY2FhLTExZTYtOGY4OC0zNDM2M2JjN2M0YzAiOnsiY3JlYXRlIjo2MDAwMDAwMDAwMDAsImRlbGV0ZSI6MTIwMDAwMDAwMDAwMH0sInNjaGVtYV92ZXJzaW9uIjoiMSJ9",
          "dependencies": [
            "aws_vpc.production",
            "data.aws_availability_zones.available"
          ]
        }
      ]
    },
    {
      "mode": "managed",
      "type": "aws_vpc",
      "name": "production",
      "provider": "provider[\"registry.terraform.io/hashicorp/aws\"]",
      "instances": [
        {
          "schema_version": 1,
          "attributes": {
            "arn": "arn:aws:ec2:us-east-1:275165642836:vpc/vpc-0afcca399059ae367",
            "assign_generated_ipv6_cidr_block": false,
            "cidr_block": "10.0.0.0/16",
            "default_network_acl_id": "acl-0bd67ddfad92d1e92",
            "default_route_table_id": "rtb-0408dc191c6ea4d3b",
            "default_security_group_id": "sg-0f78850fe10a973c8",
            "dhcp_options_id": "dopt-4a811b30",
            "enable_classiclink": false,
            "enable_classiclink_dns_support": false,
            "enable_dns_hostnames": true,
            "enable_dns_support": true,
            "id": "vpc-0afcca399059ae367",
            "instance_tenancy": "default",
            "ipv6_association_id": "",
            "ipv6_cidr_block": "",
            "main_route_table_id": "rtb-0408dc191c6ea4d3b",
            "owner_id": "275165642836",
            "tags": {
              "Name": "Hangout-Project2"
            },
            "tags_all": {
              "Name": "Hangout-Project2"
            }
          },
          "sensitive_attributes": [],
          "private": "eyJzY2hlbWFfdmVyc2lvbiI6IjEifQ=="
        }
      ]
    },
    {
      "mode": "managed",
      "type": "local_file",
      "name": "cloud_pem",
      "provider": "provider[\"registry.terraform.io/hashicorp/local\"]",
      "instances": [
        {
          "schema_version": 0,
          "attributes": {
            "content": "-----BEGIN RSA PRIVATE KEY-----\nMIIJKwIBAAKCAgEAuT5XWZ++SffFUv2erYscPc5XgUZKQ6kdfVYb/7p5FZX3jBZa\n1X3Nd42AY1Z/1smMOSb1oZzDSy4rwTM/ceZDWJRR7RqCAyWuR8TeyNs+soJyXVoZ\nYcD2jAMtEBHQlNsaE+Ot5WKYc3/WYMcinsWzuxBPadTVYNXBD213Jr6/u88X0xrh\nw+5IhJWpGwqf6Z5/hwKpi3uS9i9CQWl9pwWYLpOGsyclcYboe7FQifuHE18YzhYL\ne8OAP+eFQiXSyukRUcLO/NbF1uLI35ZW4SR7j2evHa/uNhbutfnCkELQy3SIYj4l\nwRVhG1KxdXGILCmxpTtWjxXdUkIniVZJTN6PM1s2Wh2pRwHnoMsH2iifMSKzrTvW\nUJfrjJFkJ4tKFgEUelWA6JSO/Rids/V7/1iNnrPm03x0jQliOV9vV56rao9Gyq/N\npUwjsqWNAMTN6bnDm7blnYZ5R9Eygwe2JD1MgN9+BOdF5HF4zzLt6E7kk5lMtCMJ\nMNhRUK84sliDnwl8LzZs1+GyQ6jeyFl3OxqdN/3BrxeoXqm1lOxXBymrzxHlNpOL\nG4TvydC9w8oh19UR4Sp3yVxekvLzlYpjES0tafDjPD8pCJWkSSCtzkrzWE2Sx+s5\nKgx8cmLheXPMLmN79iD1rARq6EULlmTaraYZ8/XUmKd4yUrpOMUvCcx1HcECAwEA\nAQKCAgEAkcmogVahMiGX4JrN2RMUZOgSIiGprNpZ5Rxx6K9fQEfIjS3Cyya5IA/z\nLTsUXXw9qXUp98kiQfbSZLjqg7+O3RXN7GbiT4vGP6GHHFjAXUkgrKuOMkrlPof5\nXR5II/7T5TdY0qDoDm5bz8qpSn+Z1e0eMtJYJF/WE0g5b/rLdwmjXHdZmxPbas1G\nS4vvErO09hJ4UNgubyX+ZPCa/Wn/vRhJ+JEkfNaJ/V8tXYrhYbOEGB1taDgSpTiW\nvdp6rUsEYG6K7J4zEc1l/eGZ+pL104TsYtblCRi/QeSQ5WxQWu8ZrwfuOqmSxSgt\nlZqGawtdTgcHNpEkn+qEpyeLhL3bwF0fMqMQZqUNzsuTemHeNf7kxORJtNMk2uDU\nGXRkvDZXosmJKyj8nYSLlrDEhVQJ1UvM70G2A9TOUEdiXxVNbup/+L83qlPbu6YN\nRwMny1F73QZEPHmauttBXdzJDEidS3LpxBDmoyJHva46VqWBz97UF4a5ID9QIv1X\nG7NiIQKQCFJ+w17M0fa2DonKP7g51rQ/GIdl6E4JCStDOXU+9v5vi47VQw1SS+hs\nsOTF/qCnhexVtQ8qSnxgFwYgp1/UxJRifWVzvtIZMe2IPz+8tcuIGvVC4LkrLkd9\nleDNE+KoJh3JTzbve8SpqIHLXiQ+P9rcgrJh2sSBPUd9kcJv+wkCggEBAMaruOMX\nO5z2vat0NdHU6xUaiLca2J6dMYsO2OKoVXIyO7pCvPscHUmopJERfx8k+JuKWhOh\npqtCmo40aGFDO/1Y9TsuMqnz9f9eNoJciFGllIOgA2YR95r4VCqs5EXyaw0bV3yE\nHddyHxWEtPXd1xEPT1CRTsic7ahEASAQyK+OsGLg2TKOQoJUfAyrhL0b2i51K5Bd\nqlK3dHRMdSIEqc388ecblUQO1xuQNZwlXbQxZKGLH6UyGOKmmIQzO29wwUTdE/hl\nQNf0KpUAHNKYnpilQLuBAZTMxY3u1NwTmSFqVbZgSbSXRR6Uuny+/4ww7oFLLsyv\nV7NUmpJ+H6XDqCsCggEBAO6ytw5r1omJ28zs8V+hw26UEjfi+zsFwutWcAAGkyXj\nwfsLuCQbLd3IQ8D/F+bSnB7hxluvObzxWLnt0k4cbhnwwYljMeTViQqOngYiVOwo\nFNQ6LsKR/vOq5TTabiCKODT4tv40cGdJTmqUw7uJZ6VLpZcDk62HDM5sNvNjqEw+\nWBb2tStIfcXYEVDzfbsi46lAM2hUBvC2CwGBJDVVY1Hzb5MwHPfDA0/A9eWG2TaT\ncT+3f5ysMhTvA+HoBINvyMyMb+NVSN5RJnu+yH2Brh7+yccm9cqawyTMiZSFFvtP\noo0INhZMRe2B9hD3k7K1zxTDFHh1xpKqsi/Rax50j8MCggEBAJ2XhheNTFpcV2Pz\n0OVbsgaRf7VPdFmNc8lMw7o3sV/efQZo/iNqz8ioH7J7YI1B9HrdKkq8RctAD/2R\nkOLmRGXY9N427TVnMdGZ2D9cSz4IzGAEw+1pfzHMnmcjsgfSHhzNfX5mBo3qFsIo\n/KqziHAd5tqQCSCVaue42fOnnKm11DD7Dw9NTXC4t5YNUEP6Hf4QL7hatErc/2Fp\nbNjJPjEJ3pFmjeboprVUlVIBSe0v6RVDmJyfuqG/aOglA5aIqKaJf9ff6ankIwsC\nhdp/+f43x7t0v95a+LJ3qx3P5f5drRP4GT9JZyi07aEamPeJsQearcrro/O6vspJ\nha0mIPUCggEBANo+WvL7lEdi3a4LglHu5HIpPlMM3KnFhceI25SablX5XXX87BtP\nImuiXJiMZD0umYH+6k8P8lmXzYkKMfwrMFvVbg8AvDC/MLKPXVq8bysRJqI4pGJP\n/Gyr9y+Q+5oS5ntAYIgiSBeXxfPbGu9QHYzbkoZ1xcOmNAZUmRWGK+2yHva4EUOG\n30BSYtrCFlZQ+xjX02jzUvkpaPyyJ/n/nXTjgENyfTnnexKjmfCHj/i/bI9WZn5I\nTu4m70TQz7ehMFYdnXuckah7SBVihYuDU0GRscm+DIN3Zy8xOCWsXivfTv9l35YZ\nnOIgrmwrAUcnxjP0fbX58VpOaecgsbFB3+MCggEBAI926Kg/Cw/X2iMfMSWye5ZF\nwH9uSNSutoxW/etMu5DsypHkcHB3cID37/lV1yRtRD38esXOL3/rIjpck+DeHDKi\n/J5WZejOvbTibbYnOq4gr/+0n9dXKecr92miqZBoUW2e+Y03lVOFWAgNKDXjB3Ms\ne03tlIbE5qbiQkYd0mckpa18lVPGgTcLEyZMCa82tk2YMSypiUFzH+4sJim3ve5E\nlSnnA43rEl3PtQjHVRYz2vl/9HRxfr5yrg8suw2xCoiuCrRRO1pFeSpY/41xJALn\nQTCslTCJR9mlqjGIx95XqcutgMOhJ9WX6VBZuM0KbnHxnVZhKz88XwmoBOwhM3Q=\n-----END RSA PRIVATE KEY-----\n",
            "content_base64": null,
            "directory_permission": "0777",
            "file_permission": "0400",
            "filename": "./awskey.pem",
            "id": "d2560840369427a08797e0cac045e483a93326f2",
            "sensitive_content": null,
            "source": null
          },
          "sensitive_attributes": [],
          "private": "bnVsbA==",
          "dependencies": [
            "tls_private_key.ec2-key"
          ]
        }
      ]
    },
    {
      "mode": "managed",
      "type": "tls_private_key",
      "name": "ec2-key",
      "provider": "provider[\"registry.terraform.io/hashicorp/tls\"]",
      "instances": [
        {
          "schema_version": 0,
          "attributes": {
            "algorithm": "RSA",
            "ecdsa_curve": "P224",
            "id": "b843c48e64f4eb5136087be419cd38bb13edbf02",
            "private_key_pem": "-----BEGIN RSA PRIVATE KEY-----\nMIIJKwIBAAKCAgEAuT5XWZ++SffFUv2erYscPc5XgUZKQ6kdfVYb/7p5FZX3jBZa\n1X3Nd42AY1Z/1smMOSb1oZzDSy4rwTM/ceZDWJRR7RqCAyWuR8TeyNs+soJyXVoZ\nYcD2jAMtEBHQlNsaE+Ot5WKYc3/WYMcinsWzuxBPadTVYNXBD213Jr6/u88X0xrh\nw+5IhJWpGwqf6Z5/hwKpi3uS9i9CQWl9pwWYLpOGsyclcYboe7FQifuHE18YzhYL\ne8OAP+eFQiXSyukRUcLO/NbF1uLI35ZW4SR7j2evHa/uNhbutfnCkELQy3SIYj4l\nwRVhG1KxdXGILCmxpTtWjxXdUkIniVZJTN6PM1s2Wh2pRwHnoMsH2iifMSKzrTvW\nUJfrjJFkJ4tKFgEUelWA6JSO/Rids/V7/1iNnrPm03x0jQliOV9vV56rao9Gyq/N\npUwjsqWNAMTN6bnDm7blnYZ5R9Eygwe2JD1MgN9+BOdF5HF4zzLt6E7kk5lMtCMJ\nMNhRUK84sliDnwl8LzZs1+GyQ6jeyFl3OxqdN/3BrxeoXqm1lOxXBymrzxHlNpOL\nG4TvydC9w8oh19UR4Sp3yVxekvLzlYpjES0tafDjPD8pCJWkSSCtzkrzWE2Sx+s5\nKgx8cmLheXPMLmN79iD1rARq6EULlmTaraYZ8/XUmKd4yUrpOMUvCcx1HcECAwEA\nAQKCAgEAkcmogVahMiGX4JrN2RMUZOgSIiGprNpZ5Rxx6K9fQEfIjS3Cyya5IA/z\nLTsUXXw9qXUp98kiQfbSZLjqg7+O3RXN7GbiT4vGP6GHHFjAXUkgrKuOMkrlPof5\nXR5II/7T5TdY0qDoDm5bz8qpSn+Z1e0eMtJYJF/WE0g5b/rLdwmjXHdZmxPbas1G\nS4vvErO09hJ4UNgubyX+ZPCa/Wn/vRhJ+JEkfNaJ/V8tXYrhYbOEGB1taDgSpTiW\nvdp6rUsEYG6K7J4zEc1l/eGZ+pL104TsYtblCRi/QeSQ5WxQWu8ZrwfuOqmSxSgt\nlZqGawtdTgcHNpEkn+qEpyeLhL3bwF0fMqMQZqUNzsuTemHeNf7kxORJtNMk2uDU\nGXRkvDZXosmJKyj8nYSLlrDEhVQJ1UvM70G2A9TOUEdiXxVNbup/+L83qlPbu6YN\nRwMny1F73QZEPHmauttBXdzJDEidS3LpxBDmoyJHva46VqWBz97UF4a5ID9QIv1X\nG7NiIQKQCFJ+w17M0fa2DonKP7g51rQ/GIdl6E4JCStDOXU+9v5vi47VQw1SS+hs\nsOTF/qCnhexVtQ8qSnxgFwYgp1/UxJRifWVzvtIZMe2IPz+8tcuIGvVC4LkrLkd9\nleDNE+KoJh3JTzbve8SpqIHLXiQ+P9rcgrJh2sSBPUd9kcJv+wkCggEBAMaruOMX\nO5z2vat0NdHU6xUaiLca2J6dMYsO2OKoVXIyO7pCvPscHUmopJERfx8k+JuKWhOh\npqtCmo40aGFDO/1Y9TsuMqnz9f9eNoJciFGllIOgA2YR95r4VCqs5EXyaw0bV3yE\nHddyHxWEtPXd1xEPT1CRTsic7ahEASAQyK+OsGLg2TKOQoJUfAyrhL0b2i51K5Bd\nqlK3dHRMdSIEqc388ecblUQO1xuQNZwlXbQxZKGLH6UyGOKmmIQzO29wwUTdE/hl\nQNf0KpUAHNKYnpilQLuBAZTMxY3u1NwTmSFqVbZgSbSXRR6Uuny+/4ww7oFLLsyv\nV7NUmpJ+H6XDqCsCggEBAO6ytw5r1omJ28zs8V+hw26UEjfi+zsFwutWcAAGkyXj\nwfsLuCQbLd3IQ8D/F+bSnB7hxluvObzxWLnt0k4cbhnwwYljMeTViQqOngYiVOwo\nFNQ6LsKR/vOq5TTabiCKODT4tv40cGdJTmqUw7uJZ6VLpZcDk62HDM5sNvNjqEw+\nWBb2tStIfcXYEVDzfbsi46lAM2hUBvC2CwGBJDVVY1Hzb5MwHPfDA0/A9eWG2TaT\ncT+3f5ysMhTvA+HoBINvyMyMb+NVSN5RJnu+yH2Brh7+yccm9cqawyTMiZSFFvtP\noo0INhZMRe2B9hD3k7K1zxTDFHh1xpKqsi/Rax50j8MCggEBAJ2XhheNTFpcV2Pz\n0OVbsgaRf7VPdFmNc8lMw7o3sV/efQZo/iNqz8ioH7J7YI1B9HrdKkq8RctAD/2R\nkOLmRGXY9N427TVnMdGZ2D9cSz4IzGAEw+1pfzHMnmcjsgfSHhzNfX5mBo3qFsIo\n/KqziHAd5tqQCSCVaue42fOnnKm11DD7Dw9NTXC4t5YNUEP6Hf4QL7hatErc/2Fp\nbNjJPjEJ3pFmjeboprVUlVIBSe0v6RVDmJyfuqG/aOglA5aIqKaJf9ff6ankIwsC\nhdp/+f43x7t0v95a+LJ3qx3P5f5drRP4GT9JZyi07aEamPeJsQearcrro/O6vspJ\nha0mIPUCggEBANo+WvL7lEdi3a4LglHu5HIpPlMM3KnFhceI25SablX5XXX87BtP\nImuiXJiMZD0umYH+6k8P8lmXzYkKMfwrMFvVbg8AvDC/MLKPXVq8bysRJqI4pGJP\n/Gyr9y+Q+5oS5ntAYIgiSBeXxfPbGu9QHYzbkoZ1xcOmNAZUmRWGK+2yHva4EUOG\n30BSYtrCFlZQ+xjX02jzUvkpaPyyJ/n/nXTjgENyfTnnexKjmfCHj/i/bI9WZn5I\nTu4m70TQz7ehMFYdnXuckah7SBVihYuDU0GRscm+DIN3Zy8xOCWsXivfTv9l35YZ\nnOIgrmwrAUcnxjP0fbX58VpOaecgsbFB3+MCggEBAI926Kg/Cw/X2iMfMSWye5ZF\nwH9uSNSutoxW/etMu5DsypHkcHB3cID37/lV1yRtRD38esXOL3/rIjpck+DeHDKi\n/J5WZejOvbTibbYnOq4gr/+0n9dXKecr92miqZBoUW2e+Y03lVOFWAgNKDXjB3Ms\ne03tlIbE5qbiQkYd0mckpa18lVPGgTcLEyZMCa82tk2YMSypiUFzH+4sJim3ve5E\nlSnnA43rEl3PtQjHVRYz2vl/9HRxfr5yrg8suw2xCoiuCrRRO1pFeSpY/41xJALn\nQTCslTCJR9mlqjGIx95XqcutgMOhJ9WX6VBZuM0KbnHxnVZhKz88XwmoBOwhM3Q=\n-----END RSA PRIVATE KEY-----\n",
            "public_key_fingerprint_md5": "dc:d0:bf:db:8d:b2:7d:db:68:0c:75:82:b1:f6:e1:45",
            "public_key_openssh": "ssh-rsa AAAAB3NzaC1yc2EAAAADAQABAAACAQC5PldZn75J98VS/Z6tixw9zleBRkpDqR19Vhv/unkVlfeMFlrVfc13jYBjVn/WyYw5JvWhnMNLLivBMz9x5kNYlFHtGoIDJa5HxN7I2z6ygnJdWhlhwPaMAy0QEdCU2xoT463lYphzf9ZgxyKexbO7EE9p1NVg1cEPbXcmvr+7zxfTGuHD7kiElakbCp/pnn+HAqmLe5L2L0JBaX2nBZguk4azJyVxhuh7sVCJ+4cTXxjOFgt7w4A/54VCJdLK6RFRws781sXW4sjfllbhJHuPZ68dr+42Fu61+cKQQtDLdIhiPiXBFWEbUrF1cYgsKbGlO1aPFd1SQieJVklM3o8zWzZaHalHAeegywfaKJ8xIrOtO9ZQl+uMkWQni0oWARR6VYDolI79GJ2z9Xv/WI2es+bTfHSNCWI5X29Xnqtqj0bKr82lTCOypY0AxM3pucObtuWdhnlH0TKDB7YkPUyA334E50XkcXjPMu3oTuSTmUy0Iwkw2FFQrziyWIOfCXwvNmzX4bJDqN7IWXc7Gp03/cGvF6heqbWU7FcHKavPEeU2k4sbhO/J0L3DyiHX1RHhKnfJXF6S8vOVimMRLS1p8OM8PykIlaRJIK3OSvNYTZLH6zkqDHxyYuF5c8wuY3v2IPWsBGroRQuWZNqtphnz9dSYp3jJSuk4xS8JzHUdwQ==\n",
            "public_key_pem": "-----BEGIN PUBLIC KEY-----\nMIICIjANBgkqhkiG9w0BAQEFAAOCAg8AMIICCgKCAgEAuT5XWZ++SffFUv2erYsc\nPc5XgUZKQ6kdfVYb/7p5FZX3jBZa1X3Nd42AY1Z/1smMOSb1oZzDSy4rwTM/ceZD\nWJRR7RqCAyWuR8TeyNs+soJyXVoZYcD2jAMtEBHQlNsaE+Ot5WKYc3/WYMcinsWz\nuxBPadTVYNXBD213Jr6/u88X0xrhw+5IhJWpGwqf6Z5/hwKpi3uS9i9CQWl9pwWY\nLpOGsyclcYboe7FQifuHE18YzhYLe8OAP+eFQiXSyukRUcLO/NbF1uLI35ZW4SR7\nj2evHa/uNhbutfnCkELQy3SIYj4lwRVhG1KxdXGILCmxpTtWjxXdUkIniVZJTN6P\nM1s2Wh2pRwHnoMsH2iifMSKzrTvWUJfrjJFkJ4tKFgEUelWA6JSO/Rids/V7/1iN\nnrPm03x0jQliOV9vV56rao9Gyq/NpUwjsqWNAMTN6bnDm7blnYZ5R9Eygwe2JD1M\ngN9+BOdF5HF4zzLt6E7kk5lMtCMJMNhRUK84sliDnwl8LzZs1+GyQ6jeyFl3Oxqd\nN/3BrxeoXqm1lOxXBymrzxHlNpOLG4TvydC9w8oh19UR4Sp3yVxekvLzlYpjES0t\nafDjPD8pCJWkSSCtzkrzWE2Sx+s5Kgx8cmLheXPMLmN79iD1rARq6EULlmTaraYZ\n8/XUmKd4yUrpOMUvCcx1HcECAwEAAQ==\n-----END PUBLIC KEY-----\n",
            "rsa_bits": 4096
          },
          "sensitive_attributes": [],
          "private": "bnVsbA=="
        }
      ]
    }
  ]
}
